
Microsoft Visual Studio Solution File, Format Version 12.00
# Visual Studio Version 17
VisualStudioVersion = 17.12.35707.178
MinimumVisualStudioVersion = 10.0.40219.1
Project("{FAE04EC0-301F-11D3-BF4B-00C04F79EFBC}") = "AIOT.SemanticKernel", "AIOT.SemanticKernel\AIOT.SemanticKernel.csproj", "{A2E15707-9606-4905-98F4-B124B51FB84E}"
EndProject
Project("{FAE04EC0-301F-11D3-BF4B-00C04F79EFBC}") = "TestAgentApi", "TestAgentApi\TestAgentApi.csproj", "{ACA548AE-AF2D-4325-BEF8-7D4F463167F4}"
EndProject
Global
	GlobalSection(SolutionConfigurationPlatforms) = preSolution
		Debug|Any CPU = Debug|Any CPU
		Release|Any CPU = Release|Any CPU
	EndGlobalSection
	GlobalSection(ProjectConfigurationPlatforms) = postSolution
		{A2E15707-9606-4905-98F4-B124B51FB84E}.Debug|Any CPU.ActiveCfg = Debug|Any CPU
		{A2E15707-9606-4905-98F4-B124B51FB84E}.Debug|Any CPU.Build.0 = Debug|Any CPU
		{A2E15707-9606-4905-98F4-B124B51FB84E}.Release|Any CPU.ActiveCfg = Release|Any CPU
		{A2E15707-9606-4905-98F4-B124B51FB84E}.Release|Any CPU.Build.0 = Release|Any CPU
		{ACA548AE-AF2D-4325-BEF8-7D4F463167F4}.Debug|Any CPU.ActiveCfg = Debug|Any CPU
		{ACA548AE-AF2D-4325-BEF8-7D4F463167F4}.Debug|Any CPU.Build.0 = Debug|Any CPU
		{ACA548AE-AF2D-4325-BEF8-7D4F463167F4}.Release|Any CPU.ActiveCfg = Release|Any CPU
		{ACA548AE-AF2D-4325-BEF8-7D4F463167F4}.Release|Any CPU.Build.0 = Release|Any CPU
	EndGlobalSection
	GlobalSection(SolutionProperties) = preSolution
		HideSolutionNode = FALSE
	EndGlobalSection
EndGlobal
